
Microsoft Visual Studio Solution File, Format Version 12.00
# Visual Studio Version 17
VisualStudioVersion = 17.3.32901.215
MinimumVisualStudioVersion = 10.0.40219.1
Project("{FAE04EC0-301F-11D3-BF4B-00C04F79EFBC}") = "BackupUploadAPI", "BackupUploadAPI\BackupUploadAPI.csproj", "{060B8B70-056D-41AA-ACB3-2A257529A0CC}"
EndProject
Global
	GlobalSection(SolutionConfigurationPlatforms) = preSolution
		Debug|Any CPU = Debug|Any CPU
		Release|Any CPU = Release|Any CPU
	EndGlobalSection
	GlobalSection(ProjectConfigurationPlatforms) = postSolution
		{060B8B70-056D-41AA-ACB3-2A257529A0CC}.Debug|Any CPU.ActiveCfg = Debug|Any CPU
		{060B8B70-056D-41AA-ACB3-2A257529A0CC}.Debug|Any CPU.Build.0 = Debug|Any CPU
		{060B8B70-056D-41AA-ACB3-2A257529A0CC}.Release|Any CPU.ActiveCfg = Release|Any CPU
		{060B8B70-056D-41AA-ACB3-2A257529A0CC}.Release|Any CPU.Build.0 = Release|Any CPU
	EndGlobalSection
	GlobalSection(SolutionProperties) = preSolution
		HideSolutionNode = FALSE
	EndGlobalSection
	GlobalSection(ExtensibilityGlobals) = postSolution
		SolutionGuid = {F9BB2DDD-C514-4AD4-ADE7-74208EA51079}
	EndGlobalSection
EndGlobal
